# This file is autogenerated, do not edit; changes may be undone by the next 'dep ensure'.


[[projects]]
  branch = "master"
  digest = "1:8fda70c57919d8b3eda9806c43d26ad27efd6049571b838f6351d4c4b9dd5767"
  name = "github.com/ajstarks/svgo"
  packages = ["."]
  pruneopts = "UT"
  revision = "6ce6a3bcf6cde6c5007887677ebd148ec30f42a4"

[[projects]]
  branch = "master"
  digest = "1:7a6377256f670508711c56c25556d639e673c0fa0f519c5a758fdcbfc8af9ac8"
  name = "github.com/golang/freetype"
  packages = [
    ".",
    "raster",
    "truetype",
  ]
  pruneopts = "UT"
  revision = "e2365dfdc4a05e4b8299a783240d4a7d5a65d4e4"

[[projects]]
  digest = "1:db23aee6f0ff15fbcd0559d660f91d6b738baeeca46d953396b2fdcec93e1260"
  name = "github.com/jung-kurt/gofpdf"
  packages = ["."]
  pruneopts = "UT"
  revision = "14c1db30737a138f8d9797cffea58783892b2fae"
  version = "v1.0.0"

[[projects]]
  branch = "master"
  digest = "1:79d2dd4ecf0c5b24e0a372768fd523242098338ab4453b3422bfe6ef15627b88"
  name = "github.com/llgcode/draw2d"
  packages = [
    ".",
    "draw2dbase",
    "draw2dimg",
  ]
  pruneopts = "UT"
  revision = "f52c8a71aff06ab8df41843d33ab167b36c971cd"

[[projects]]
  digest = "1:36cfc0b6facbc68c92a4d55f32eff22b872a899ab75c384ac24a08dd33bc1380"
  name = "github.com/paulmach/go.geojson"
  packages = ["."]
  pruneopts = "UT"
  revision = "a5c451da2d9c67c590ae6be92565b67698286a1a"
  version = "v1.4"

[[projects]]
  digest = "1:40e195917a951a8bf867cd05de2a46aaf1806c50cf92eebf4c16f78cd196f747"
  name = "github.com/pkg/errors"
  packages = ["."]
  pruneopts = "UT"
  revision = "645ef00459ed84a119197bfb8d8205042c6df63d"
  version = "v0.8.0"

[[projects]]
  branch = "master"
  digest = "1:47bcbdf2a60a0bdd142f07f60771078857310fd1ededeb03956add7c7f6bef33"
  name = "golang.org/x/exp"
  packages = ["rand"]
  pruneopts = "UT"
  revision = "a3060d491354240eda536d676ced8bb702018b7e"

[[projects]]
  branch = "master"
  digest = "1:7813ed9fe0d41dbe34f220634c84910ebd621e61a0bd5afaefc57dc1dc3c6a4c"
  name = "golang.org/x/image"
  packages = [
    "draw",
    "font",
    "math/f64",
    "math/fixed",
    "tiff",
    "tiff/lzw",
  ]
  pruneopts = "UT"
  revision = "cd38e8056d9b27bb2f265effa37fb0ea6b8a7f0f"

[[projects]]
  branch = "master"
  digest = "1:e0e0091ec7e965b354e346e5c1268ca33ef0a043b7044ed717f3983d684ad468"
  name = "gonum.org/v1/gonum"
  packages = [
    "blas",
    "blas/blas64",
    "blas/gonum",
    "floats",
    "internal/asm/c128",
    "internal/asm/f32",
    "internal/asm/f64",
    "internal/math32",
    "lapack",
    "lapack/gonum",
    "lapack/lapack64",
    "mat",
  ]
  pruneopts = "UT"
  revision = "fe2e93a3f93dad67b23f8e2b5e03e2a77b36b80a"

[[projects]]
  branch = "master"
  digest = "1:89365bb0ca5259f9c155ce419106ffdaf0cd138eb3814e588b5528aed1ace646"
  name = "gonum.org/v1/plot"
  packages = [
    ".",
    "palette",
    "plotter",
    "plotutil",
    "tools/bezier",
    "vg",
    "vg/draw",
    "vg/fonts",
    "vg/vgeps",
    "vg/vgimg",
    "vg/vgpdf",
    "vg/vgsvg",
  ]
  pruneopts = "UT"
  revision = "59819fff2fb90906d88e6aef7f06349b08ef451f"

[solve-meta]
  analyzer-name = "dep"
  analyzer-version = 1
  input-imports = [
    "github.com/paulmach/go.geojson",
    "github.com/pkg/errors",
    "gonum.org/v1/plot",
    "gonum.org/v1/plot/plotter",
    "gonum.org/v1/plot/plotutil",
    "gonum.org/v1/plot/vg",
  ]
  solver-name = "gps-cdcl"
  solver-version = 1
