# This file is autogenerated, do not edit; changes may be undone by the next 'dep ensure'.


[[projects]]
  digest = "1:36cfc0b6facbc68c92a4d55f32eff22b872a899ab75c384ac24a08dd33bc1380"
  name = "github.com/paulmach/go.geojson"
  packages = ["."]
  pruneopts = "UT"
  revision = "a5c451da2d9c67c590ae6be92565b67698286a1a"
  version = "v1.4"

[solve-meta]
  analyzer-name = "dep"
  analyzer-version = 1
  input-imports = ["github.com/paulmach/go.geojson"]
  solver-name = "gps-cdcl"
  solver-version = 1
